{
  "name": "zip-prefix-by-state",
  "version": "1.0.0",
  "lockfileVersion": 2,
  "requires": true,
  "packages": {
    "": {
      "name": "zip-prefix-by-state",
      "version": "1.0.0",
      "license": "ISC",
      "dependencies": {
        "zip3": "^1.0.4"
      }
    },
    "node_modules/zip3": {
      "version": "1.0.4",
      "resolved": "https://registry.npmjs.org/zip3/-/zip3-1.0.4.tgz",
      "integrity": "sha512-vJebTmZoZ0BAWcq8FopCbgUMMnNyJDEo43gE4qqhYF650f8JMGjpfXyc/GMP1aOBHEW8bWy/1sqDhvib72b+1Q=="
    }
  },
  "dependencies": {
    "zip3": {
      "version": "1.0.4",
      "resolved": "https://registry.npmjs.org/zip3/-/zip3-1.0.4.tgz",
      "integrity": "sha512-vJebTmZoZ0BAWcq8FopCbgUMMnNyJDEo43gE4qqhYF650f8JMGjpfXyc/GMP1aOBHEW8bWy/1sqDhvib72b+1Q=="
    }
  }
}
